
Microsoft Visual Studio Solution File, Format Version 12.00
# Visual Studio Version 17
VisualStudioVersion = 17.14.36623.8 d17.14
MinimumVisualStudioVersion = 10.0.40219.1
Project("{FAE04EC0-301F-11D3-BF4B-00C04F79EFBC}") = "Kütüphane Yönetim", "Kütüphane Yönetim\Kütüphane Yönetim.csproj", "{0A3DEDA2-CE45-4E73-B23A-57EF88AC7DDA}"
EndProject
Global
	GlobalSection(SolutionConfigurationPlatforms) = preSolution
		Debug|Any CPU = Debug|Any CPU
		Release|Any CPU = Release|Any CPU
	EndGlobalSection
	GlobalSection(ProjectConfigurationPlatforms) = postSolution
		{0A3DEDA2-CE45-4E73-B23A-57EF88AC7DDA}.Debug|Any CPU.ActiveCfg = Debug|Any CPU
		{0A3DEDA2-CE45-4E73-B23A-57EF88AC7DDA}.Debug|Any CPU.Build.0 = Debug|Any CPU
		{0A3DEDA2-CE45-4E73-B23A-57EF88AC7DDA}.Release|Any CPU.ActiveCfg = Release|Any CPU
		{0A3DEDA2-CE45-4E73-B23A-57EF88AC7DDA}.Release|Any CPU.Build.0 = Release|Any CPU
	EndGlobalSection
	GlobalSection(SolutionProperties) = preSolution
		HideSolutionNode = FALSE
	EndGlobalSection
	GlobalSection(ExtensibilityGlobals) = postSolution
		SolutionGuid = {E0406797-E639-42E1-8FF6-A86FE54D1297}
	EndGlobalSection
EndGlobal
